
Microsoft Visual Studio Solution File, Format Version 12.00
# Visual Studio Version 17
VisualStudioVersion = 17.4.33213.308
MinimumVisualStudioVersion = 10.0.40219.1
Project("{FAE04EC0-301F-11D3-BF4B-00C04F79EFBC}") = "finalSnowmanProject", "finalSnowmanProject.csproj", "{1C6D4FE6-1C64-4542-BF52-C37BF52C4BBF}"
EndProject
Global
	GlobalSection(SolutionConfigurationPlatforms) = preSolution
		Debug|Any CPU = Debug|Any CPU
		Release|Any CPU = Release|Any CPU
	EndGlobalSection
	GlobalSection(ProjectConfigurationPlatforms) = postSolution
		{1C6D4FE6-1C64-4542-BF52-C37BF52C4BBF}.Debug|Any CPU.ActiveCfg = Debug|Any CPU
		{1C6D4FE6-1C64-4542-BF52-C37BF52C4BBF}.Debug|Any CPU.Build.0 = Debug|Any CPU
		{1C6D4FE6-1C64-4542-BF52-C37BF52C4BBF}.Release|Any CPU.ActiveCfg = Release|Any CPU
		{1C6D4FE6-1C64-4542-BF52-C37BF52C4BBF}.Release|Any CPU.Build.0 = Release|Any CPU
	EndGlobalSection
	GlobalSection(SolutionProperties) = preSolution
		HideSolutionNode = FALSE
	EndGlobalSection
	GlobalSection(ExtensibilityGlobals) = postSolution
		SolutionGuid = {5FA735CC-A00B-4CC2-8696-87000D57145E}
	EndGlobalSection
EndGlobal
